
Microsoft Visual Studio Solution File, Format Version 12.00
# Visual Studio Version 17
VisualStudioVersion = 17.4.33205.214
MinimumVisualStudioVersion = 10.0.40219.1
Project("{2150E333-8FDC-42A3-9474-1A3956D46DE8}") = "src", "src", "{84C45BE8-B71B-45F3-99E8-A016D2CF3EB5}"
EndProject
Project("{9A19103F-16F7-4668-BE54-9A1E7A4F7556}") = "Polish.NumbersInWords", "src\Polish.NumbersInWords\Polish.NumbersInWords.csproj", "{6FDF85DB-9014-452B-A931-B3BE5FB1E7A9}"
EndProject
Project("{9A19103F-16F7-4668-BE54-9A1E7A4F7556}") = "Polish.NumbersInWords.Tests", "src\Polish.NumbersInWords.Tests\Polish.NumbersInWords.Tests.csproj", "{6465BD09-A889-4D79-BF2E-225A50C66DF1}"
EndProject
Global
	GlobalSection(SolutionConfigurationPlatforms) = preSolution
		Debug|Any CPU = Debug|Any CPU
		Release|Any CPU = Release|Any CPU
	EndGlobalSection
	GlobalSection(ProjectConfigurationPlatforms) = postSolution
		{6FDF85DB-9014-452B-A931-B3BE5FB1E7A9}.Debug|Any CPU.ActiveCfg = Debug|Any CPU
		{6FDF85DB-9014-452B-A931-B3BE5FB1E7A9}.Debug|Any CPU.Build.0 = Debug|Any CPU
		{6FDF85DB-9014-452B-A931-B3BE5FB1E7A9}.Release|Any CPU.ActiveCfg = Release|Any CPU
		{6FDF85DB-9014-452B-A931-B3BE5FB1E7A9}.Release|Any CPU.Build.0 = Release|Any CPU
		{6465BD09-A889-4D79-BF2E-225A50C66DF1}.Debug|Any CPU.ActiveCfg = Debug|Any CPU
		{6465BD09-A889-4D79-BF2E-225A50C66DF1}.Debug|Any CPU.Build.0 = Debug|Any CPU
		{6465BD09-A889-4D79-BF2E-225A50C66DF1}.Release|Any CPU.ActiveCfg = Release|Any CPU
		{6465BD09-A889-4D79-BF2E-225A50C66DF1}.Release|Any CPU.Build.0 = Release|Any CPU
	EndGlobalSection
	GlobalSection(SolutionProperties) = preSolution
		HideSolutionNode = FALSE
	EndGlobalSection
	GlobalSection(NestedProjects) = preSolution
		{6FDF85DB-9014-452B-A931-B3BE5FB1E7A9} = {84C45BE8-B71B-45F3-99E8-A016D2CF3EB5}
		{6465BD09-A889-4D79-BF2E-225A50C66DF1} = {84C45BE8-B71B-45F3-99E8-A016D2CF3EB5}
	EndGlobalSection
	GlobalSection(ExtensibilityGlobals) = postSolution
		SolutionGuid = {5D9E8A37-0BE1-4470-9337-1AB0E0006D83}
	EndGlobalSection
EndGlobal
